
Microsoft Visual Studio Solution File, Format Version 12.00
# Visual Studio Version 17
VisualStudioVersion = 17.9.34728.123
MinimumVisualStudioVersion = 10.0.40219.1
Project("{2150E333-8FDC-42A3-9474-1A3956D46DE8}") = "Application", "Application", "{FFB0F0B1-8FE2-4D8D-8E69-FBC3234998A3}"
EndProject
Project("{9A19103F-16F7-4668-BE54-9A1E7A4F7556}") = "HotelApplication", "Application\Hotel.Application\HotelApplication.csproj", "{585FD7CB-C40B-427A-AC1D-7B9B48B09409}"
EndProject
Project("{2150E333-8FDC-42A3-9474-1A3956D46DE8}") = "Data", "Data", "{2A501978-7A82-4587-85E4-DEDE6CEA6721}"
EndProject
Project("{9A19103F-16F7-4668-BE54-9A1E7A4F7556}") = "HotelData", "Data\Hotel.Data\HotelData.csproj", "{19BF74F8-EBCA-449F-AF53-ADD7ED9C5D42}"
EndProject
Project("{2150E333-8FDC-42A3-9474-1A3956D46DE8}") = "Infrastructure", "Infrastructure", "{A3C4C6BA-4D5A-42EA-BF24-DEE348232EBA}"
EndProject
Project("{9A19103F-16F7-4668-BE54-9A1E7A4F7556}") = "Hotel.Infrastructure", "Infrastructure\Hotel.Infrastructure\Hotel.Infrastructure.csproj", "{ADF8B806-BE25-4CBB-9144-6DF1442437F3}"
EndProject
Project("{2150E333-8FDC-42A3-9474-1A3956D46DE8}") = "Presentation", "Presentation", "{439AA782-102C-4B5D-BB59-A773B12AB001}"
EndProject
Project("{9A19103F-16F7-4668-BE54-9A1E7A4F7556}") = "HotelPresentation", "Presentation\Hotel.Presentation\HotelPresentation.csproj", "{59ADE1C1-3105-4E4F-B524-CD92D7DE6731}"
EndProject
Project("{2150E333-8FDC-42A3-9474-1A3956D46DE8}") = "Web", "Web", "{14CF17EE-1CDF-4933-8D5D-91B0F5C17FEA}"
EndProject
Project("{9A19103F-16F7-4668-BE54-9A1E7A4F7556}") = "Hotel.Web", "Web\Hotel.Web\Hotel.Web.csproj", "{6CF998D3-87AF-47C5-8B8D-AFEF09F02657}"
EndProject
Project("{2150E333-8FDC-42A3-9474-1A3956D46DE8}") = "BuildingBlocks", "BuildingBlocks", "{F9ACBF3C-DB6A-4D72-90A4-AAFF43A461CA}"
EndProject
Project("{9A19103F-16F7-4668-BE54-9A1E7A4F7556}") = "BuildingBlocks", "BuildingBlocks\BuildingBlocks\BuildingBlocks.csproj", "{A768BD50-1CE0-46E6-8A37-84A8A1524F8D}"
EndProject
Global
	GlobalSection(SolutionConfigurationPlatforms) = preSolution
		Debug|Any CPU = Debug|Any CPU
		Release|Any CPU = Release|Any CPU
	EndGlobalSection
	GlobalSection(ProjectConfigurationPlatforms) = postSolution
		{585FD7CB-C40B-427A-AC1D-7B9B48B09409}.Debug|Any CPU.ActiveCfg = Debug|Any CPU
		{585FD7CB-C40B-427A-AC1D-7B9B48B09409}.Debug|Any CPU.Build.0 = Debug|Any CPU
		{585FD7CB-C40B-427A-AC1D-7B9B48B09409}.Release|Any CPU.ActiveCfg = Release|Any CPU
		{585FD7CB-C40B-427A-AC1D-7B9B48B09409}.Release|Any CPU.Build.0 = Release|Any CPU
		{19BF74F8-EBCA-449F-AF53-ADD7ED9C5D42}.Debug|Any CPU.ActiveCfg = Debug|Any CPU
		{19BF74F8-EBCA-449F-AF53-ADD7ED9C5D42}.Debug|Any CPU.Build.0 = Debug|Any CPU
		{19BF74F8-EBCA-449F-AF53-ADD7ED9C5D42}.Release|Any CPU.ActiveCfg = Release|Any CPU
		{19BF74F8-EBCA-449F-AF53-ADD7ED9C5D42}.Release|Any CPU.Build.0 = Release|Any CPU
		{ADF8B806-BE25-4CBB-9144-6DF1442437F3}.Debug|Any CPU.ActiveCfg = Debug|Any CPU
		{ADF8B806-BE25-4CBB-9144-6DF1442437F3}.Debug|Any CPU.Build.0 = Debug|Any CPU
		{ADF8B806-BE25-4CBB-9144-6DF1442437F3}.Release|Any CPU.ActiveCfg = Release|Any CPU
		{ADF8B806-BE25-4CBB-9144-6DF1442437F3}.Release|Any CPU.Build.0 = Release|Any CPU
		{59ADE1C1-3105-4E4F-B524-CD92D7DE6731}.Debug|Any CPU.ActiveCfg = Debug|Any CPU
		{59ADE1C1-3105-4E4F-B524-CD92D7DE6731}.Debug|Any CPU.Build.0 = Debug|Any CPU
		{59ADE1C1-3105-4E4F-B524-CD92D7DE6731}.Release|Any CPU.ActiveCfg = Release|Any CPU
		{59ADE1C1-3105-4E4F-B524-CD92D7DE6731}.Release|Any CPU.Build.0 = Release|Any CPU
		{6CF998D3-87AF-47C5-8B8D-AFEF09F02657}.Debug|Any CPU.ActiveCfg = Debug|Any CPU
		{6CF998D3-87AF-47C5-8B8D-AFEF09F02657}.Debug|Any CPU.Build.0 = Debug|Any CPU
		{6CF998D3-87AF-47C5-8B8D-AFEF09F02657}.Release|Any CPU.ActiveCfg = Release|Any CPU
		{6CF998D3-87AF-47C5-8B8D-AFEF09F02657}.Release|Any CPU.Build.0 = Release|Any CPU
		{A768BD50-1CE0-46E6-8A37-84A8A1524F8D}.Debug|Any CPU.ActiveCfg = Debug|Any CPU
		{A768BD50-1CE0-46E6-8A37-84A8A1524F8D}.Debug|Any CPU.Build.0 = Debug|Any CPU
		{A768BD50-1CE0-46E6-8A37-84A8A1524F8D}.Release|Any CPU.ActiveCfg = Release|Any CPU
		{A768BD50-1CE0-46E6-8A37-84A8A1524F8D}.Release|Any CPU.Build.0 = Release|Any CPU
	EndGlobalSection
	GlobalSection(SolutionProperties) = preSolution
		HideSolutionNode = FALSE
	EndGlobalSection
	GlobalSection(NestedProjects) = preSolution
		{585FD7CB-C40B-427A-AC1D-7B9B48B09409} = {FFB0F0B1-8FE2-4D8D-8E69-FBC3234998A3}
		{19BF74F8-EBCA-449F-AF53-ADD7ED9C5D42} = {2A501978-7A82-4587-85E4-DEDE6CEA6721}
		{ADF8B806-BE25-4CBB-9144-6DF1442437F3} = {A3C4C6BA-4D5A-42EA-BF24-DEE348232EBA}
		{59ADE1C1-3105-4E4F-B524-CD92D7DE6731} = {439AA782-102C-4B5D-BB59-A773B12AB001}
		{6CF998D3-87AF-47C5-8B8D-AFEF09F02657} = {14CF17EE-1CDF-4933-8D5D-91B0F5C17FEA}
		{A768BD50-1CE0-46E6-8A37-84A8A1524F8D} = {F9ACBF3C-DB6A-4D72-90A4-AAFF43A461CA}
	EndGlobalSection
	GlobalSection(ExtensibilityGlobals) = postSolution
		SolutionGuid = {9B313119-F27C-4FE2-8D0C-62256767E0DB}
	EndGlobalSection
EndGlobal
